// !$*UTF8*$!
{
	archiveVersion = 1;
	classes = {
	};
	objectVersion = 52;
	objects = {

/* Begin PBXBuildFile section */
		30A0328726D8290E001134E0 /* MarvelLibApp.swift in Sources */ = {isa = PBXBuildFile; fileRef = 30A0328626D8290E001134E0 /* MarvelLibApp.swift */; };
		30A0328926D8290E001134E0 /* ContentView.swift in Sources */ = {isa = PBXBuildFile; fileRef = 30A0328826D8290E001134E0 /* ContentView.swift */; };
		30A0328B26D82910001134E0 /* Assets.xcassets in Resources */ = {isa = PBXBuildFile; fileRef = 30A0328A26D82910001134E0 /* Assets.xcassets */; };
		30A0328E26D82910001134E0 /* Preview Assets.xcassets in Resources */ = {isa = PBXBuildFile; fileRef = 30A0328D26D82910001134E0 /* Preview Assets.xcassets */; };
		30A0329726D829C6001134E0 /* SDWebImageSwiftUI in Frameworks */ = {isa = PBXBuildFile; productRef = 30A0329626D829C6001134E0 /* SDWebImageSwiftUI */; };
		30A0329B26D82C0D001134E0 /* Credentials.swift in Sources */ = {isa = PBXBuildFile; fileRef = 30A0329A26D82C0D001134E0 /* Credentials.swift */; };
		30A032A326D82D6D001134E0 /* Home.swift in Sources */ = {isa = PBXBuildFile; fileRef = 30A032A226D82D6D001134E0 /* Home.swift */; };
		30A032A526D82FAC001134E0 /* HomeViewModel.swift in Sources */ = {isa = PBXBuildFile; fileRef = 30A032A426D82FAC001134E0 /* HomeViewModel.swift */; };
		30A032A726D830F2001134E0 /* CharactersView.swift in Sources */ = {isa = PBXBuildFile; fileRef = 30A032A626D830F2001134E0 /* CharactersView.swift */; };
		30A032A926D844F7001134E0 /* Character.swift in Sources */ = {isa = PBXBuildFile; fileRef = 30A032A826D844F7001134E0 /* Character.swift */; };
/* End PBXBuildFile section */

/* Begin PBXFileReference section */
		30A0328326D8290E001134E0 /* MarvelLib.app */ = {isa = PBXFileReference; explicitFileType = wrapper.application; includeInIndex = 0; path = MarvelLib.app; sourceTree = BUILT_PRODUCTS_DIR; };
		30A0328626D8290E001134E0 /* MarvelLibApp.swift */ = {isa = PBXFileReference; lastKnownFileType = sourcecode.swift; path = MarvelLibApp.swift; sourceTree = "<group>"; };
		30A0328826D8290E001134E0 /* ContentView.swift */ = {isa = PBXFileReference; lastKnownFileType = sourcecode.swift; path = ContentView.swift; sourceTree = "<group>"; };
		30A0328A26D82910001134E0 /* Assets.xcassets */ = {isa = PBXFileReference; lastKnownFileType = folder.assetcatalog; path = Assets.xcassets; sourceTree = "<group>"; };
		30A0328D26D82910001134E0 /* Preview Assets.xcassets */ = {isa = PBXFileReference; lastKnownFileType = folder.assetcatalog; path = "Preview Assets.xcassets"; sourceTree = "<group>"; };
		30A0328F26D82910001134E0 /* Info.plist */ = {isa = PBXFileReference; lastKnownFileType = text.plist.xml; path = Info.plist; sourceTree = "<group>"; };
		30A0329A26D82C0D001134E0 /* Credentials.swift */ = {isa = PBXFileReference; lastKnownFileType = sourcecode.swift; path = Credentials.swift; sourceTree = "<group>"; };
		30A032A226D82D6D001134E0 /* Home.swift */ = {isa = PBXFileReference; lastKnownFileType = sourcecode.swift; path = Home.swift; sourceTree = "<group>"; };
		30A032A426D82FAC001134E0 /* HomeViewModel.swift */ = {isa = PBXFileReference; lastKnownFileType = sourcecode.swift; path = HomeViewModel.swift; sourceTree = "<group>"; };
		30A032A626D830F2001134E0 /* CharactersView.swift */ = {isa = PBXFileReference; lastKnownFileType = sourcecode.swift; path = CharactersView.swift; sourceTree = "<group>"; };
		30A032A826D844F7001134E0 /* Character.swift */ = {isa = PBXFileReference; lastKnownFileType = sourcecode.swift; path = Character.swift; sourceTree = "<group>"; };
/* End PBXFileReference section */

/* Begin PBXFrameworksBuildPhase section */
		30A0328026D8290E001134E0 /* Frameworks */ = {
			isa = PBXFrameworksBuildPhase;
			buildActionMask = 2147483647;
			files = (
				30A0329726D829C6001134E0 /* SDWebImageSwiftUI in Frameworks */,
			);
			runOnlyForDeploymentPostprocessing = 0;
		};
/* End PBXFrameworksBuildPhase section */

/* Begin PBXGroup section */
		30A0327A26D8290E001134E0 = {
			isa = PBXGroup;
			children = (
				30A0328526D8290E001134E0 /* MarvelLib */,
				30A0328426D8290E001134E0 /* Products */,
			);
			sourceTree = "<group>";
		};
		30A0328426D8290E001134E0 /* Products */ = {
			isa = PBXGroup;
			children = (
				30A0328326D8290E001134E0 /* MarvelLib.app */,
			);
			name = Products;
			sourceTree = "<group>";
		};
		30A0328526D8290E001134E0 /* MarvelLib */ = {
			isa = PBXGroup;
			children = (
				30A0329C26D82C52001134E0 /* Shared */,
				30A0328F26D82910001134E0 /* Info.plist */,
				30A0328C26D82910001134E0 /* Preview Content */,
			);
			path = MarvelLib;
			sourceTree = "<group>";
		};
		30A0328C26D82910001134E0 /* Preview Content */ = {
			isa = PBXGroup;
			children = (
				30A0328D26D82910001134E0 /* Preview Assets.xcassets */,
			);
			path = "Preview Content";
			sourceTree = "<group>";
		};
		30A0329C26D82C52001134E0 /* Shared */ = {
			isa = PBXGroup;
			children = (
				30A0329D26D82C84001134E0 /* View */,
				30A0329E26D82C91001134E0 /* Model */,
				30A0329F26D82C99001134E0 /* ViewModel */,
				30A0329A26D82C0D001134E0 /* Credentials.swift */,
				30A0328626D8290E001134E0 /* MarvelLibApp.swift */,
				30A0328826D8290E001134E0 /* ContentView.swift */,
				30A0328A26D82910001134E0 /* Assets.xcassets */,
			);
			path = Shared;
			sourceTree = "<group>";
		};
		30A0329D26D82C84001134E0 /* View */ = {
			isa = PBXGroup;
			children = (
				30A032A226D82D6D001134E0 /* Home.swift */,
				30A032A626D830F2001134E0 /* CharactersView.swift */,
			);
			path = View;
			sourceTree = "<group>";
		};
		30A0329E26D82C91001134E0 /* Model */ = {
			isa = PBXGroup;
			children = (
				30A032A826D844F7001134E0 /* Character.swift */,
			);
			path = Model;
			sourceTree = "<group>";
		};
		30A0329F26D82C99001134E0 /* ViewModel */ = {
			isa = PBXGroup;
			children = (
				30A032A426D82FAC001134E0 /* HomeViewModel.swift */,
			);
			path = ViewModel;
			sourceTree = "<group>";
		};
/* End PBXGroup section */

/* Begin PBXNativeTarget section */
		30A0328226D8290E001134E0 /* MarvelLib */ = {
			isa = PBXNativeTarget;
			buildConfigurationList = 30A0329226D82910001134E0 /* Build configuration list for PBXNativeTarget "MarvelLib" */;
			buildPhases = (
				30A0327F26D8290E001134E0 /* Sources */,
				30A0328026D8290E001134E0 /* Frameworks */,
				30A0328126D8290E001134E0 /* Resources */,
			);
			buildRules = (
			);
			dependencies = (
			);
			name = MarvelLib;
			packageProductDependencies = (
				30A0329626D829C6001134E0 /* SDWebImageSwiftUI */,
			);
			productName = MarvelLib;
			productReference = 30A0328326D8290E001134E0 /* MarvelLib.app */;
			productType = "com.apple.product-type.application";
		};
/* End PBXNativeTarget section */

/* Begin PBXProject section */
		30A0327B26D8290E001134E0 /* Project object */ = {
			isa = PBXProject;
			attributes = {
				LastSwiftUpdateCheck = 1250;
				LastUpgradeCheck = 1250;
				TargetAttributes = {
					30A0328226D8290E001134E0 = {
						CreatedOnToolsVersion = 12.5.1;
					};
				};
			};
			buildConfigurationList = 30A0327E26D8290E001134E0 /* Build configuration list for PBXProject "MarvelLib" */;
			compatibilityVersion = "Xcode 9.3";
			developmentRegion = en;
			hasScannedForEncodings = 0;
			knownRegions = (
				en,
				Base,
			);
			mainGroup = 30A0327A26D8290E001134E0;
			packageReferences = (
				30A0329526D829C6001134E0 /* XCRemoteSwiftPackageReference "SDWebImageSwiftUI" */,
			);
			productRefGroup = 30A0328426D8290E001134E0 /* Products */;
			projectDirPath = "";
			projectRoot = "";
			targets = (
				30A0328226D8290E001134E0 /* MarvelLib */,
			);
		};
/* End PBXProject section */

/* Begin PBXResourcesBuildPhase section */
		30A0328126D8290E001134E0 /* Resources */ = {
			isa = PBXResourcesBuildPhase;
			buildActionMask = 2147483647;
			files = (
				30A0328E26D82910001134E0 /* Preview Assets.xcassets in Resources */,
				30A0328B26D82910001134E0 /* Assets.xcassets in Resources */,
			);
			runOnlyForDeploymentPostprocessing = 0;
		};
/* End PBXResourcesBuildPhase section */

/* Begin PBXSourcesBuildPhase section */
		30A0327F26D8290E001134E0 /* Sources */ = {
			isa = PBXSourcesBuildPhase;
			buildActionMask = 2147483647;
			files = (
				30A0329B26D82C0D001134E0 /* Credentials.swift in Sources */,
				30A0328926D8290E001134E0 /* ContentView.swift in Sources */,
				30A032A926D844F7001134E0 /* Character.swift in Sources */,
				30A032A726D830F2001134E0 /* CharactersView.swift in Sources */,
				30A032A326D82D6D001134E0 /* Home.swift in Sources */,
				30A032A526D82FAC001134E0 /* HomeViewModel.swift in Sources */,
				30A0328726D8290E001134E0 /* MarvelLibApp.swift in Sources */,
			);
			runOnlyForDeploymentPostprocessing = 0;
		};
/* End PBXSourcesBuildPhase section */

/* Begin XCBuildConfiguration section */
		30A0329026D82910001134E0 /* Debug */ = {
			isa = XCBuildConfiguration;
			buildSettings = {
				ALWAYS_SEARCH_USER_PATHS = NO;
				CLANG_ANALYZER_NONNULL = YES;
				CLANG_ANALYZER_NUMBER_OBJECT_CONVERSION = YES_AGGRESSIVE;
				CLANG_CXX_LANGUAGE_STANDARD = "gnu++14";
				CLANG_CXX_LIBRARY = "libc++";
				CLANG_ENABLE_MODULES = YES;
				CLANG_ENABLE_OBJC_ARC = YES;
				CLANG_ENABLE_OBJC_WEAK = YES;
				CLANG_WARN_BLOCK_CAPTURE_AUTORELEASING = YES;
				CLANG_WARN_BOOL_CONVERSION = YES;
				CLANG_WARN_COMMA = YES;
				CLANG_WARN_CONSTANT_CONVERSION = YES;
				CLANG_WARN_DEPRECATED_OBJC_IMPLEMENTATIONS = YES;
				CLANG_WARN_DIRECT_OBJC_ISA_USAGE = YES_ERROR;
				CLANG_WARN_DOCUMENTATION_COMMENTS = YES;
				CLANG_WARN_EMPTY_BODY = YES;
				CLANG_WARN_ENUM_CONVERSION = YES;
				CLANG_WARN_INFINITE_RECURSION = YES;
				CLANG_WARN_INT_CONVERSION = YES;
				CLANG_WARN_NON_LITERAL_NULL_CONVERSION = YES;
				CLANG_WARN_OBJC_IMPLICIT_RETAIN_SELF = YES;
				CLANG_WARN_OBJC_LITERAL_CONVERSION = YES;
				CLANG_WARN_OBJC_ROOT_CLASS = YES_ERROR;
				CLANG_WARN_QUOTED_INCLUDE_IN_FRAMEWORK_HEADER = YES;
				CLANG_WARN_RANGE_LOOP_ANALYSIS = YES;
				CLANG_WARN_STRICT_PROTOTYPES = YES;
				CLANG_WARN_SUSPICIOUS_MOVE = YES;
				CLANG_WARN_UNGUARDED_AVAILABILITY = YES_AGGRESSIVE;
				CLANG_WARN_UNREACHABLE_CODE = YES;
				CLANG_WARN__DUPLICATE_METHOD_MATCH = YES;
				COPY_PHASE_STRIP = NO;
				DEBUG_INFORMATION_FORMAT = dwarf;
				ENABLE_STRICT_OBJC_MSGSEND = YES;
				ENABLE_TESTABILITY = YES;
				GCC_C_LANGUAGE_STANDARD = gnu11;
				GCC_DYNAMIC_NO_PIC = NO;
				GCC_NO_COMMON_BLOCKS = YES;
				GCC_OPTIMIZATION_LEVEL = 0;
				GCC_PREPROCESSOR_DEFINITIONS = (
					"DEBUG=1",
					"$(inherited)",
				);
				GCC_WARN_64_TO_32_BIT_CONVERSION = YES;
				GCC_WARN_ABOUT_RETURN_TYPE = YES_ERROR;
				GCC_WARN_UNDECLARED_SELECTOR = YES;
				GCC_WARN_UNINITIALIZED_AUTOS = YES_AGGRESSIVE;
				GCC_WARN_UNUSED_FUNCTION = YES;
				GCC_WARN_UNUSED_VARIABLE = YES;
				IPHONEOS_DEPLOYMENT_TARGET = 14.5;
				MTL_ENABLE_DEBUG_INFO = INCLUDE_SOURCE;
				MTL_FAST_MATH = YES;
				ONLY_ACTIVE_ARCH = YES;
				SDKROOT = iphoneos;
				SWIFT_ACTIVE_COMPILATION_CONDITIONS = DEBUG;
				SWIFT_OPTIMIZATION_LEVEL = "-Onone";
			};
			name = Debug;
		};
		30A0329126D82910001134E0 /* Release */ = {
			isa = XCBuildConfiguration;
			buildSettings = {
				ALWAYS_SEARCH_USER_PATHS = NO;
				CLANG_ANALYZER_NONNULL = YES;
				CLANG_ANALYZER_NUMBER_OBJECT_CONVERSION = YES_AGGRESSIVE;
				CLANG_CXX_LANGUAGE_STANDARD = "gnu++14";
				CLANG_CXX_LIBRARY = "libc++";
				CLANG_ENABLE_MODULES = YES;
				CLANG_ENABLE_OBJC_ARC = YES;
				CLANG_ENABLE_OBJC_WEAK = YES;
				CLANG_WARN_BLOCK_CAPTURE_AUTORELEASING = YES;
				CLANG_WARN_BOOL_CONVERSION = YES;
				CLANG_WARN_COMMA = YES;
				CLANG_WARN_CONSTANT_CONVERSION = YES;
				CLANG_WARN_DEPRECATED_OBJC_IMPLEMENTATIONS = YES;
				CLANG_WARN_DIRECT_OBJC_ISA_USAGE = YES_ERROR;
				CLANG_WARN_DOCUMENTATION_COMMENTS = YES;
				CLANG_WARN_EMPTY_BODY = YES;
				CLANG_WARN_ENUM_CONVERSION = YES;
				CLANG_WARN_INFINITE_RECURSION = YES;
				CLANG_WARN_INT_CONVERSION = YES;
				CLANG_WARN_NON_LITERAL_NULL_CONVERSION = YES;
				CLANG_WARN_OBJC_IMPLICIT_RETAIN_SELF = YES;
				CLANG_WARN_OBJC_LITERAL_CONVERSION = YES;
				CLANG_WARN_OBJC_ROOT_CLASS = YES_ERROR;
				CLANG_WARN_QUOTED_INCLUDE_IN_FRAMEWORK_HEADER = YES;
				CLANG_WARN_RANGE_LOOP_ANALYSIS = YES;
				CLANG_WARN_STRICT_PROTOTYPES = YES;
				CLANG_WARN_SUSPICIOUS_MOVE = YES;
				CLANG_WARN_UNGUARDED_AVAILABILITY = YES_AGGRESSIVE;
				CLANG_WARN_UNREACHABLE_CODE = YES;
				CLANG_WARN__DUPLICATE_METHOD_MATCH = YES;
				COPY_PHASE_STRIP = NO;
				DEBUG_INFORMATION_FORMAT = "dwarf-with-dsym";
				ENABLE_NS_ASSERTIONS = NO;
				ENABLE_STRICT_OBJC_MSGSEND = YES;
				GCC_C_LANGUAGE_STANDARD = gnu11;
				GCC_NO_COMMON_BLOCKS = YES;
				GCC_WARN_64_TO_32_BIT_CONVERSION = YES;
				GCC_WARN_ABOUT_RETURN_TYPE = YES_ERROR;
				GCC_WARN_UNDECLARED_SELECTOR = YES;
				GCC_WARN_UNINITIALIZED_AUTOS = YES_AGGRESSIVE;
				GCC_WARN_UNUSED_FUNCTION = YES;
				GCC_WARN_UNUSED_VARIABLE = YES;
				IPHONEOS_DEPLOYMENT_TARGET = 14.5;
				MTL_ENABLE_DEBUG_INFO = NO;
				MTL_FAST_MATH = YES;
				SDKROOT = iphoneos;
				SWIFT_COMPILATION_MODE = wholemodule;
				SWIFT_OPTIMIZATION_LEVEL = "-O";
				VALIDATE_PRODUCT = YES;
			};
			name = Release;
		};
		30A0329326D82910001134E0 /* Debug */ = {
			isa = XCBuildConfiguration;
			buildSettings = {
				ASSETCATALOG_COMPILER_APPICON_NAME = AppIcon;
				ASSETCATALOG_COMPILER_GLOBAL_ACCENT_COLOR_NAME = AccentColor;
				CODE_SIGN_STYLE = Automatic;
				DEVELOPMENT_ASSET_PATHS = "\"MarvelLib/Preview Content\"";
				DEVELOPMENT_TEAM = D77BK9B7Z8;
				ENABLE_PREVIEWS = YES;
				INFOPLIST_FILE = MarvelLib/Info.plist;
				IPHONEOS_DEPLOYMENT_TARGET = 14.0;
				LD_RUNPATH_SEARCH_PATHS = (
					"$(inherited)",
					"@executable_path/Frameworks",
				);
				PRODUCT_BUNDLE_IDENTIFIER = wozdabady.MarvelLib;
				PRODUCT_NAME = "$(TARGET_NAME)";
				SWIFT_VERSION = 5.0;
				TARGETED_DEVICE_FAMILY = "1,2";
			};
			name = Debug;
		};
		30A0329426D82910001134E0 /* Release */ = {
			isa = XCBuildConfiguration;
			buildSettings = {
				ASSETCATALOG_COMPILER_APPICON_NAME = AppIcon;
				ASSETCATALOG_COMPILER_GLOBAL_ACCENT_COLOR_NAME = AccentColor;
				CODE_SIGN_STYLE = Automatic;
				DEVELOPMENT_ASSET_PATHS = "\"MarvelLib/Preview Content\"";
				DEVELOPMENT_TEAM = D77BK9B7Z8;
				ENABLE_PREVIEWS = YES;
				INFOPLIST_FILE = MarvelLib/Info.plist;
				IPHONEOS_DEPLOYMENT_TARGET = 14.0;
				LD_RUNPATH_SEARCH_PATHS = (
					"$(inherited)",
					"@executable_path/Frameworks",
				);
				PRODUCT_BUNDLE_IDENTIFIER = wozdabady.MarvelLib;
				PRODUCT_NAME = "$(TARGET_NAME)";
				SWIFT_VERSION = 5.0;
				TARGETED_DEVICE_FAMILY = "1,2";
			};
			name = Release;
		};
/* End XCBuildConfiguration section */

/* Begin XCConfigurationList section */
		30A0327E26D8290E001134E0 /* Build configuration list for PBXProject "MarvelLib" */ = {
			isa = XCConfigurationList;
			buildConfigurations = (
				30A0329026D82910001134E0 /* Debug */,
				30A0329126D82910001134E0 /* Release */,
			);
			defaultConfigurationIsVisible = 0;
			defaultConfigurationName = Release;
		};
		30A0329226D82910001134E0 /* Build configuration list for PBXNativeTarget "MarvelLib" */ = {
			isa = XCConfigurationList;
			buildConfigurations = (
				30A0329326D82910001134E0 /* Debug */,
				30A0329426D82910001134E0 /* Release */,
			);
			defaultConfigurationIsVisible = 0;
			defaultConfigurationName = Release;
		};
/* End XCConfigurationList section */

/* Begin XCRemoteSwiftPackageReference section */
		30A0329526D829C6001134E0 /* XCRemoteSwiftPackageReference "SDWebImageSwiftUI" */ = {
			isa = XCRemoteSwiftPackageReference;
			repositoryURL = "https://github.com/SDWebImage/SDWebImageSwiftUI.git";
			requirement = {
				kind = upToNextMajorVersion;
				minimumVersion = 2.0.2;
			};
		};
/* End XCRemoteSwiftPackageReference section */

/* Begin XCSwiftPackageProductDependency section */
		30A0329626D829C6001134E0 /* SDWebImageSwiftUI */ = {
			isa = XCSwiftPackageProductDependency;
			package = 30A0329526D829C6001134E0 /* XCRemoteSwiftPackageReference "SDWebImageSwiftUI" */;
			productName = SDWebImageSwiftUI;
		};
/* End XCSwiftPackageProductDependency section */
	};
	rootObject = 30A0327B26D8290E001134E0 /* Project object */;
}
